
Microsoft Visual Studio Solution File, Format Version 12.00
# Visual Studio 14
VisualStudioVersion = 14.0.23107.0
MinimumVisualStudioVersion = 10.0.40219.1
Project("{FAE04EC0-301F-11D3-BF4B-00C04F79EFBC}") = "Peasy", "Peasy\Peasy.csproj", "{0223227F-932F-4C63-8FA1-69840E63DF49}"
EndProject
Project("{FAE04EC0-301F-11D3-BF4B-00C04F79EFBC}") = "Peasy.Core", "Peasy.Core\Peasy.Core.csproj", "{034E1545-4697-4BC1-AA2A-3355E125B75F}"
EndProject
Project("{FAE04EC0-301F-11D3-BF4B-00C04F79EFBC}") = "Peasy.Core.Tests", "Peasy.Core.Tests\Peasy.Core.Tests.csproj", "{D0A21CFC-CC07-40DB-9E4F-756C5D375397}"
EndProject
Project("{FAE04EC0-301F-11D3-BF4B-00C04F79EFBC}") = "Peasy.Tests", "Peasy.Tests\Peasy.Tests.csproj", "{A0B714D4-4CE9-4628-B721-E93591CA5F84}"
EndProject
Global
	GlobalSection(SolutionConfigurationPlatforms) = preSolution
		Debug|Any CPU = Debug|Any CPU
		Release|Any CPU = Release|Any CPU
	EndGlobalSection
	GlobalSection(ProjectConfigurationPlatforms) = postSolution
		{0223227F-932F-4C63-8FA1-69840E63DF49}.Debug|Any CPU.ActiveCfg = Debug|Any CPU
		{0223227F-932F-4C63-8FA1-69840E63DF49}.Debug|Any CPU.Build.0 = Debug|Any CPU
		{0223227F-932F-4C63-8FA1-69840E63DF49}.Release|Any CPU.ActiveCfg = Release|Any CPU
		{0223227F-932F-4C63-8FA1-69840E63DF49}.Release|Any CPU.Build.0 = Release|Any CPU
		{034E1545-4697-4BC1-AA2A-3355E125B75F}.Debug|Any CPU.ActiveCfg = Debug|Any CPU
		{034E1545-4697-4BC1-AA2A-3355E125B75F}.Debug|Any CPU.Build.0 = Debug|Any CPU
		{034E1545-4697-4BC1-AA2A-3355E125B75F}.Release|Any CPU.ActiveCfg = Release|Any CPU
		{034E1545-4697-4BC1-AA2A-3355E125B75F}.Release|Any CPU.Build.0 = Release|Any CPU
		{D0A21CFC-CC07-40DB-9E4F-756C5D375397}.Debug|Any CPU.ActiveCfg = Debug|Any CPU
		{D0A21CFC-CC07-40DB-9E4F-756C5D375397}.Debug|Any CPU.Build.0 = Debug|Any CPU
		{D0A21CFC-CC07-40DB-9E4F-756C5D375397}.Release|Any CPU.ActiveCfg = Release|Any CPU
		{D0A21CFC-CC07-40DB-9E4F-756C5D375397}.Release|Any CPU.Build.0 = Release|Any CPU
		{A0B714D4-4CE9-4628-B721-E93591CA5F84}.Debug|Any CPU.ActiveCfg = Debug|Any CPU
		{A0B714D4-4CE9-4628-B721-E93591CA5F84}.Debug|Any CPU.Build.0 = Debug|Any CPU
		{A0B714D4-4CE9-4628-B721-E93591CA5F84}.Release|Any CPU.ActiveCfg = Release|Any CPU
		{A0B714D4-4CE9-4628-B721-E93591CA5F84}.Release|Any CPU.Build.0 = Release|Any CPU
	EndGlobalSection
	GlobalSection(SolutionProperties) = preSolution
		HideSolutionNode = FALSE
	EndGlobalSection
EndGlobal
